<Solution>
  <Project Path="PropertyManagement.Application/PropertyManagement.Application.csproj" />
  <Project Path="PropertyManagement.Domain/PropertyManagement.Domain.csproj" />
  <Project Path="PropertyManagement.Infrastructure/PropertyManagement.Infrastructure.csproj" />
  <Project Path="PropertyManagement.Tests/PropertyManagement.Tests.csproj" />
  <Project Path="PropertyManagement/PropertyManagement.csproj" />
</Solution>
